// !$*UTF8*$!
{
	archiveVersion = 1;
	classes = {
	};
	objectVersion = 50;
	objects = {

/* Begin PBXBuildFile section */
		91DD7980216DE6E900E6A0F4 /* AppDelegate.m in Sources */ = {isa = PBXBuildFile; fileRef = 91DD797F216DE6E900E6A0F4 /* AppDelegate.m */; };
		91DD7986216DE6E900E6A0F4 /* Main.storyboard in Resources */ = {isa = PBXBuildFile; fileRef = 91DD7984216DE6E900E6A0F4 /* Main.storyboard */; };
		91DD7989216DE6E900E6A0F4 /* BHMTestApp.xcdatamodeld in Sources */ = {isa = PBXBuildFile; fileRef = 91DD7987216DE6E900E6A0F4 /* BHMTestApp.xcdatamodeld */; };
		91DD798B216DE6EA00E6A0F4 /* Assets.xcassets in Resources */ = {isa = PBXBuildFile; fileRef = 91DD798A216DE6EA00E6A0F4 /* Assets.xcassets */; };
		91DD798E216DE6EA00E6A0F4 /* LaunchScreen.storyboard in Resources */ = {isa = PBXBuildFile; fileRef = 91DD798C216DE6EA00E6A0F4 /* LaunchScreen.storyboard */; };
		91DD7991216DE6EA00E6A0F4 /* main.m in Sources */ = {isa = PBXBuildFile; fileRef = 91DD7990216DE6EA00E6A0F4 /* main.m */; };
		91DD79B4216DED4F00E6A0F4 /* Contacts+CoreDataClass.m in Sources */ = {isa = PBXBuildFile; fileRef = 91DD79B2216DED4F00E6A0F4 /* Contacts+CoreDataClass.m */; };
		91DD79B5216DED4F00E6A0F4 /* Contacts+CoreDataProperties.m in Sources */ = {isa = PBXBuildFile; fileRef = 91DD79B3216DED4F00E6A0F4 /* Contacts+CoreDataProperties.m */; };
		91DD79B9216DEE6700E6A0F4 /* BHMContactsTableViewController.m in Sources */ = {isa = PBXBuildFile; fileRef = 91DD79B8216DEE6700E6A0F4 /* BHMContactsTableViewController.m */; };
		91DD79BE216DEEE700E6A0F4 /* DataBase.m in Sources */ = {isa = PBXBuildFile; fileRef = 91DD79BD216DEEE700E6A0F4 /* DataBase.m */; };
		91DD79C5216DFE4400E6A0F4 /* ContactsViewModel.m in Sources */ = {isa = PBXBuildFile; fileRef = 91DD79C4216DFE4400E6A0F4 /* ContactsViewModel.m */; };
		91DD79C9216E026F00E6A0F4 /* ListTableViewCell.m in Sources */ = {isa = PBXBuildFile; fileRef = 91DD79C7216E026F00E6A0F4 /* ListTableViewCell.m */; };
		91DD79CA216E026F00E6A0F4 /* ListTableViewCell.xib in Resources */ = {isa = PBXBuildFile; fileRef = 91DD79C8216E026F00E6A0F4 /* ListTableViewCell.xib */; };
		91DD79CD216E059800E6A0F4 /* local.json in Resources */ = {isa = PBXBuildFile; fileRef = 91DD79CC216E059800E6A0F4 /* local.json */; };
		91DD79D1216E12D300E6A0F4 /* BHMSingleViewController.m in Sources */ = {isa = PBXBuildFile; fileRef = 91DD79CF216E12D300E6A0F4 /* BHMSingleViewController.m */; };
		91DD79D2216E12D300E6A0F4 /* BHMSingleViewController.xib in Resources */ = {isa = PBXBuildFile; fileRef = 91DD79D0216E12D300E6A0F4 /* BHMSingleViewController.xib */; };
		91DD79D7216E145A00E6A0F4 /* BHMSingleViewModel.m in Sources */ = {isa = PBXBuildFile; fileRef = 91DD79D6216E145A00E6A0F4 /* BHMSingleViewModel.m */; };
		91DD79DC216E184800E6A0F4 /* BHMInputTableViewCell.m in Sources */ = {isa = PBXBuildFile; fileRef = 91DD79DA216E184800E6A0F4 /* BHMInputTableViewCell.m */; };
		91DD79DD216E184800E6A0F4 /* BHMInputTableViewCell.xib in Resources */ = {isa = PBXBuildFile; fileRef = 91DD79DB216E184800E6A0F4 /* BHMInputTableViewCell.xib */; };
/* End PBXBuildFile section */

/* Begin PBXFileReference section */
		91DD797B216DE6E900E6A0F4 /* BHMTestApp.app */ = {isa = PBXFileReference; explicitFileType = wrapper.application; includeInIndex = 0; path = BHMTestApp.app; sourceTree = BUILT_PRODUCTS_DIR; };
		91DD797E216DE6E900E6A0F4 /* AppDelegate.h */ = {isa = PBXFileReference; lastKnownFileType = sourcecode.c.h; path = AppDelegate.h; sourceTree = "<group>"; };
		91DD797F216DE6E900E6A0F4 /* AppDelegate.m */ = {isa = PBXFileReference; lastKnownFileType = sourcecode.c.objc; path = AppDelegate.m; sourceTree = "<group>"; };
		91DD7985216DE6E900E6A0F4 /* Base */ = {isa = PBXFileReference; lastKnownFileType = file.storyboard; name = Base; path = Base.lproj/Main.storyboard; sourceTree = "<group>"; };
		91DD7988216DE6E900E6A0F4 /* BHMTestApp.xcdatamodel */ = {isa = PBXFileReference; lastKnownFileType = wrapper.xcdatamodel; path = BHMTestApp.xcdatamodel; sourceTree = "<group>"; };
		91DD798A216DE6EA00E6A0F4 /* Assets.xcassets */ = {isa = PBXFileReference; lastKnownFileType = folder.assetcatalog; path = Assets.xcassets; sourceTree = "<group>"; };
		91DD798D216DE6EA00E6A0F4 /* Base */ = {isa = PBXFileReference; lastKnownFileType = file.storyboard; name = Base; path = Base.lproj/LaunchScreen.storyboard; sourceTree = "<group>"; };
		91DD798F216DE6EA00E6A0F4 /* Info.plist */ = {isa = PBXFileReference; lastKnownFileType = text.plist.xml; path = Info.plist; sourceTree = "<group>"; };
		91DD7990216DE6EA00E6A0F4 /* main.m */ = {isa = PBXFileReference; lastKnownFileType = sourcecode.c.objc; path = main.m; sourceTree = "<group>"; };
		91DD79B0216DED4F00E6A0F4 /* Contacts+CoreDataProperties.h */ = {isa = PBXFileReference; lastKnownFileType = sourcecode.c.h; path = "Contacts+CoreDataProperties.h"; sourceTree = "<group>"; };
		91DD79B1216DED4F00E6A0F4 /* Contacts+CoreDataClass.h */ = {isa = PBXFileReference; lastKnownFileType = sourcecode.c.h; path = "Contacts+CoreDataClass.h"; sourceTree = "<group>"; };
		91DD79B2216DED4F00E6A0F4 /* Contacts+CoreDataClass.m */ = {isa = PBXFileReference; lastKnownFileType = sourcecode.c.objc; path = "Contacts+CoreDataClass.m"; sourceTree = "<group>"; };
		91DD79B3216DED4F00E6A0F4 /* Contacts+CoreDataProperties.m */ = {isa = PBXFileReference; lastKnownFileType = sourcecode.c.objc; path = "Contacts+CoreDataProperties.m"; sourceTree = "<group>"; };
		91DD79B7216DEE6700E6A0F4 /* BHMContactsTableViewController.h */ = {isa = PBXFileReference; lastKnownFileType = sourcecode.c.h; path = BHMContactsTableViewController.h; sourceTree = "<group>"; };
		91DD79B8216DEE6700E6A0F4 /* BHMContactsTableViewController.m */ = {isa = PBXFileReference; lastKnownFileType = sourcecode.c.objc; path = BHMContactsTableViewController.m; sourceTree = "<group>"; };
		91DD79BC216DEEE700E6A0F4 /* DataBase.h */ = {isa = PBXFileReference; lastKnownFileType = sourcecode.c.h; path = DataBase.h; sourceTree = "<group>"; };
		91DD79BD216DEEE700E6A0F4 /* DataBase.m */ = {isa = PBXFileReference; lastKnownFileType = sourcecode.c.objc; path = DataBase.m; sourceTree = "<group>"; };
		91DD79BF216DEFEE00E6A0F4 /* Project-PrefixHeader.pch */ = {isa = PBXFileReference; lastKnownFileType = sourcecode.c.h; path = "Project-PrefixHeader.pch"; sourceTree = "<group>"; };
		91DD79C3216DFE4400E6A0F4 /* ContactsViewModel.h */ = {isa = PBXFileReference; lastKnownFileType = sourcecode.c.h; path = ContactsViewModel.h; sourceTree = "<group>"; };
		91DD79C4216DFE4400E6A0F4 /* ContactsViewModel.m */ = {isa = PBXFileReference; lastKnownFileType = sourcecode.c.objc; path = ContactsViewModel.m; sourceTree = "<group>"; };
		91DD79C6216E026F00E6A0F4 /* ListTableViewCell.h */ = {isa = PBXFileReference; lastKnownFileType = sourcecode.c.h; path = ListTableViewCell.h; sourceTree = "<group>"; };
		91DD79C7216E026F00E6A0F4 /* ListTableViewCell.m */ = {isa = PBXFileReference; lastKnownFileType = sourcecode.c.objc; path = ListTableViewCell.m; sourceTree = "<group>"; };
		91DD79C8216E026F00E6A0F4 /* ListTableViewCell.xib */ = {isa = PBXFileReference; lastKnownFileType = file.xib; path = ListTableViewCell.xib; sourceTree = "<group>"; };
		91DD79CC216E059800E6A0F4 /* local.json */ = {isa = PBXFileReference; fileEncoding = 4; lastKnownFileType = text.json; path = local.json; sourceTree = "<group>"; };
		91DD79CE216E12D300E6A0F4 /* BHMSingleViewController.h */ = {isa = PBXFileReference; lastKnownFileType = sourcecode.c.h; path = BHMSingleViewController.h; sourceTree = "<group>"; };
		91DD79CF216E12D300E6A0F4 /* BHMSingleViewController.m */ = {isa = PBXFileReference; lastKnownFileType = sourcecode.c.objc; path = BHMSingleViewController.m; sourceTree = "<group>"; };
		91DD79D0216E12D300E6A0F4 /* BHMSingleViewController.xib */ = {isa = PBXFileReference; lastKnownFileType = file.xib; path = BHMSingleViewController.xib; sourceTree = "<group>"; };
		91DD79D5216E145A00E6A0F4 /* BHMSingleViewModel.h */ = {isa = PBXFileReference; lastKnownFileType = sourcecode.c.h; path = BHMSingleViewModel.h; sourceTree = "<group>"; };
		91DD79D6216E145A00E6A0F4 /* BHMSingleViewModel.m */ = {isa = PBXFileReference; lastKnownFileType = sourcecode.c.objc; path = BHMSingleViewModel.m; sourceTree = "<group>"; };
		91DD79D9216E184800E6A0F4 /* BHMInputTableViewCell.h */ = {isa = PBXFileReference; lastKnownFileType = sourcecode.c.h; path = BHMInputTableViewCell.h; sourceTree = "<group>"; };
		91DD79DA216E184800E6A0F4 /* BHMInputTableViewCell.m */ = {isa = PBXFileReference; lastKnownFileType = sourcecode.c.objc; path = BHMInputTableViewCell.m; sourceTree = "<group>"; };
		91DD79DB216E184800E6A0F4 /* BHMInputTableViewCell.xib */ = {isa = PBXFileReference; lastKnownFileType = file.xib; path = BHMInputTableViewCell.xib; sourceTree = "<group>"; };
/* End PBXFileReference section */

/* Begin PBXFrameworksBuildPhase section */
		91DD7978216DE6E900E6A0F4 /* Frameworks */ = {
			isa = PBXFrameworksBuildPhase;
			buildActionMask = 2147483647;
			files = (
			);
			runOnlyForDeploymentPostprocessing = 0;
		};
/* End PBXFrameworksBuildPhase section */

/* Begin PBXGroup section */
		91DD7972216DE6E900E6A0F4 = {
			isa = PBXGroup;
			children = (
				91DD797D216DE6E900E6A0F4 /* BHMTestApp */,
				91DD797C216DE6E900E6A0F4 /* Products */,
			);
			sourceTree = "<group>";
		};
		91DD797C216DE6E900E6A0F4 /* Products */ = {
			isa = PBXGroup;
			children = (
				91DD797B216DE6E900E6A0F4 /* BHMTestApp.app */,
			);
			name = Products;
			sourceTree = "<group>";
		};
		91DD797D216DE6E900E6A0F4 /* BHMTestApp */ = {
			isa = PBXGroup;
			children = (
				91DD79D3216E12DE00E6A0F4 /* BHMSingleViewController */,
				91DD79BA216DEE7200E6A0F4 /* BHMContactsTableViewController */,
				91DD79B6216DEE2E00E6A0F4 /* Model */,
				91DD79A3216DE9CD00E6A0F4 /* Support */,
			);
			path = BHMTestApp;
			sourceTree = "<group>";
		};
		91DD79A3216DE9CD00E6A0F4 /* Support */ = {
			isa = PBXGroup;
			children = (
				91DD79CC216E059800E6A0F4 /* local.json */,
				91DD79BB216DEEBE00E6A0F4 /* DB */,
				91DD797E216DE6E900E6A0F4 /* AppDelegate.h */,
				91DD797F216DE6E900E6A0F4 /* AppDelegate.m */,
				91DD798A216DE6EA00E6A0F4 /* Assets.xcassets */,
				91DD798C216DE6EA00E6A0F4 /* LaunchScreen.storyboard */,
				91DD798F216DE6EA00E6A0F4 /* Info.plist */,
				91DD7990216DE6EA00E6A0F4 /* main.m */,
				91DD7987216DE6E900E6A0F4 /* BHMTestApp.xcdatamodeld */,
				91DD79BF216DEFEE00E6A0F4 /* Project-PrefixHeader.pch */,
			);
			name = Support;
			sourceTree = "<group>";
		};
		91DD79B6216DEE2E00E6A0F4 /* Model */ = {
			isa = PBXGroup;
			children = (
				91DD79B0216DED4F00E6A0F4 /* Contacts+CoreDataProperties.h */,
				91DD79B1216DED4F00E6A0F4 /* Contacts+CoreDataClass.h */,
				91DD79B2216DED4F00E6A0F4 /* Contacts+CoreDataClass.m */,
				91DD79B3216DED4F00E6A0F4 /* Contacts+CoreDataProperties.m */,
			);
			path = Model;
			sourceTree = "<group>";
		};
		91DD79BA216DEE7200E6A0F4 /* BHMContactsTableViewController */ = {
			isa = PBXGroup;
			children = (
				91DD79CB216E027600E6A0F4 /* Cell */,
				91DD7984216DE6E900E6A0F4 /* Main.storyboard */,
				91DD79B7216DEE6700E6A0F4 /* BHMContactsTableViewController.h */,
				91DD79B8216DEE6700E6A0F4 /* BHMContactsTableViewController.m */,
				91DD79C3216DFE4400E6A0F4 /* ContactsViewModel.h */,
				91DD79C4216DFE4400E6A0F4 /* ContactsViewModel.m */,
			);
			name = BHMContactsTableViewController;
			sourceTree = "<group>";
		};
		91DD79BB216DEEBE00E6A0F4 /* DB */ = {
			isa = PBXGroup;
			children = (
				91DD79BC216DEEE700E6A0F4 /* DataBase.h */,
				91DD79BD216DEEE700E6A0F4 /* DataBase.m */,
			);
			path = DB;
			sourceTree = "<group>";
		};
		91DD79CB216E027600E6A0F4 /* Cell */ = {
			isa = PBXGroup;
			children = (
				91DD79C6216E026F00E6A0F4 /* ListTableViewCell.h */,
				91DD79C7216E026F00E6A0F4 /* ListTableViewCell.m */,
				91DD79C8216E026F00E6A0F4 /* ListTableViewCell.xib */,
			);
			name = Cell;
			sourceTree = "<group>";
		};
		91DD79D3216E12DE00E6A0F4 /* BHMSingleViewController */ = {
			isa = PBXGroup;
			children = (
				91DD79D8216E181B00E6A0F4 /* Cell */,
				91DD79CE216E12D300E6A0F4 /* BHMSingleViewController.h */,
				91DD79CF216E12D300E6A0F4 /* BHMSingleViewController.m */,
				91DD79D0216E12D300E6A0F4 /* BHMSingleViewController.xib */,
				91DD79D5216E145A00E6A0F4 /* BHMSingleViewModel.h */,
				91DD79D6216E145A00E6A0F4 /* BHMSingleViewModel.m */,
			);
			path = BHMSingleViewController;
			sourceTree = "<group>";
		};
		91DD79D8216E181B00E6A0F4 /* Cell */ = {
			isa = PBXGroup;
			children = (
				91DD79D9216E184800E6A0F4 /* BHMInputTableViewCell.h */,
				91DD79DA216E184800E6A0F4 /* BHMInputTableViewCell.m */,
				91DD79DB216E184800E6A0F4 /* BHMInputTableViewCell.xib */,
			);
			path = Cell;
			sourceTree = "<group>";
		};
/* End PBXGroup section */

/* Begin PBXNativeTarget section */
		91DD797A216DE6E900E6A0F4 /* BHMTestApp */ = {
			isa = PBXNativeTarget;
			buildConfigurationList = 91DD7994216DE6EA00E6A0F4 /* Build configuration list for PBXNativeTarget "BHMTestApp" */;
			buildPhases = (
				91DD7977216DE6E900E6A0F4 /* Sources */,
				91DD7978216DE6E900E6A0F4 /* Frameworks */,
				91DD7979216DE6E900E6A0F4 /* Resources */,
			);
			buildRules = (
			);
			dependencies = (
			);
			name = BHMTestApp;
			productName = BHMTestApp;
			productReference = 91DD797B216DE6E900E6A0F4 /* BHMTestApp.app */;
			productType = "com.apple.product-type.application";
		};
/* End PBXNativeTarget section */

/* Begin PBXProject section */
		91DD7973216DE6E900E6A0F4 /* Project object */ = {
			isa = PBXProject;
			attributes = {
				LastUpgradeCheck = 1000;
				ORGANIZATIONNAME = Ross;
				TargetAttributes = {
					91DD797A216DE6E900E6A0F4 = {
						CreatedOnToolsVersion = 10.0;
					};
				};
			};
			buildConfigurationList = 91DD7976216DE6E900E6A0F4 /* Build configuration list for PBXProject "BHMTestApp" */;
			compatibilityVersion = "Xcode 9.3";
			developmentRegion = en;
			hasScannedForEncodings = 0;
			knownRegions = (
				en,
				Base,
			);
			mainGroup = 91DD7972216DE6E900E6A0F4;
			productRefGroup = 91DD797C216DE6E900E6A0F4 /* Products */;
			projectDirPath = "";
			projectRoot = "";
			targets = (
				91DD797A216DE6E900E6A0F4 /* BHMTestApp */,
			);
		};
/* End PBXProject section */

/* Begin PBXResourcesBuildPhase section */
		91DD7979216DE6E900E6A0F4 /* Resources */ = {
			isa = PBXResourcesBuildPhase;
			buildActionMask = 2147483647;
			files = (
				91DD79D2216E12D300E6A0F4 /* BHMSingleViewController.xib in Resources */,
				91DD798E216DE6EA00E6A0F4 /* LaunchScreen.storyboard in Resources */,
				91DD79CA216E026F00E6A0F4 /* ListTableViewCell.xib in Resources */,
				91DD79DD216E184800E6A0F4 /* BHMInputTableViewCell.xib in Resources */,
				91DD798B216DE6EA00E6A0F4 /* Assets.xcassets in Resources */,
				91DD79CD216E059800E6A0F4 /* local.json in Resources */,
				91DD7986216DE6E900E6A0F4 /* Main.storyboard in Resources */,
			);
			runOnlyForDeploymentPostprocessing = 0;
		};
/* End PBXResourcesBuildPhase section */

/* Begin PBXSourcesBuildPhase section */
		91DD7977216DE6E900E6A0F4 /* Sources */ = {
			isa = PBXSourcesBuildPhase;
			buildActionMask = 2147483647;
			files = (
				91DD79DC216E184800E6A0F4 /* BHMInputTableViewCell.m in Sources */,
				91DD79C9216E026F00E6A0F4 /* ListTableViewCell.m in Sources */,
				91DD7989216DE6E900E6A0F4 /* BHMTestApp.xcdatamodeld in Sources */,
				91DD79C5216DFE4400E6A0F4 /* ContactsViewModel.m in Sources */,
				91DD79BE216DEEE700E6A0F4 /* DataBase.m in Sources */,
				91DD79B5216DED4F00E6A0F4 /* Contacts+CoreDataProperties.m in Sources */,
				91DD79B4216DED4F00E6A0F4 /* Contacts+CoreDataClass.m in Sources */,
				91DD7991216DE6EA00E6A0F4 /* main.m in Sources */,
				91DD79B9216DEE6700E6A0F4 /* BHMContactsTableViewController.m in Sources */,
				91DD79D1216E12D300E6A0F4 /* BHMSingleViewController.m in Sources */,
				91DD79D7216E145A00E6A0F4 /* BHMSingleViewModel.m in Sources */,
				91DD7980216DE6E900E6A0F4 /* AppDelegate.m in Sources */,
			);
			runOnlyForDeploymentPostprocessing = 0;
		};
/* End PBXSourcesBuildPhase section */

/* Begin PBXVariantGroup section */
		91DD7984216DE6E900E6A0F4 /* Main.storyboard */ = {
			isa = PBXVariantGroup;
			children = (
				91DD7985216DE6E900E6A0F4 /* Base */,
			);
			name = Main.storyboard;
			sourceTree = "<group>";
		};
		91DD798C216DE6EA00E6A0F4 /* LaunchScreen.storyboard */ = {
			isa = PBXVariantGroup;
			children = (
				91DD798D216DE6EA00E6A0F4 /* Base */,
			);
			name = LaunchScreen.storyboard;
			sourceTree = "<group>";
		};
/* End PBXVariantGroup section */

/* Begin XCBuildConfiguration section */
		91DD7992216DE6EA00E6A0F4 /* Debug */ = {
			isa = XCBuildConfiguration;
			buildSettings = {
				ALWAYS_SEARCH_USER_PATHS = NO;
				CLANG_ANALYZER_NONNULL = YES;
				CLANG_ANALYZER_NUMBER_OBJECT_CONVERSION = YES_AGGRESSIVE;
				CLANG_CXX_LANGUAGE_STANDARD = "gnu++14";
				CLANG_CXX_LIBRARY = "libc++";
				CLANG_ENABLE_MODULES = YES;
				CLANG_ENABLE_OBJC_ARC = YES;
				CLANG_ENABLE_OBJC_WEAK = YES;
				CLANG_WARN_BLOCK_CAPTURE_AUTORELEASING = YES;
				CLANG_WARN_BOOL_CONVERSION = YES;
				CLANG_WARN_COMMA = YES;
				CLANG_WARN_CONSTANT_CONVERSION = YES;
				CLANG_WARN_DEPRECATED_OBJC_IMPLEMENTATIONS = YES;
				CLANG_WARN_DIRECT_OBJC_ISA_USAGE = YES_ERROR;
				CLANG_WARN_DOCUMENTATION_COMMENTS = YES;
				CLANG_WARN_EMPTY_BODY = YES;
				CLANG_WARN_ENUM_CONVERSION = YES;
				CLANG_WARN_INFINITE_RECURSION = YES;
				CLANG_WARN_INT_CONVERSION = YES;
				CLANG_WARN_NON_LITERAL_NULL_CONVERSION = YES;
				CLANG_WARN_OBJC_IMPLICIT_RETAIN_SELF = YES;
				CLANG_WARN_OBJC_LITERAL_CONVERSION = YES;
				CLANG_WARN_OBJC_ROOT_CLASS = YES_ERROR;
				CLANG_WARN_RANGE_LOOP_ANALYSIS = YES;
				CLANG_WARN_STRICT_PROTOTYPES = YES;
				CLANG_WARN_SUSPICIOUS_MOVE = YES;
				CLANG_WARN_UNGUARDED_AVAILABILITY = YES_AGGRESSIVE;
				CLANG_WARN_UNREACHABLE_CODE = YES;
				CLANG_WARN__DUPLICATE_METHOD_MATCH = YES;
				CODE_SIGN_IDENTITY = "iPhone Developer";
				COPY_PHASE_STRIP = NO;
				DEBUG_INFORMATION_FORMAT = dwarf;
				ENABLE_STRICT_OBJC_MSGSEND = YES;
				ENABLE_TESTABILITY = YES;
				GCC_C_LANGUAGE_STANDARD = gnu11;
				GCC_DYNAMIC_NO_PIC = NO;
				GCC_NO_COMMON_BLOCKS = YES;
				GCC_OPTIMIZATION_LEVEL = 0;
				GCC_PREPROCESSOR_DEFINITIONS = (
					"DEBUG=1",
					"$(inherited)",
				);
				GCC_WARN_64_TO_32_BIT_CONVERSION = YES;
				GCC_WARN_ABOUT_RETURN_TYPE = YES_ERROR;
				GCC_WARN_UNDECLARED_SELECTOR = YES;
				GCC_WARN_UNINITIALIZED_AUTOS = YES_AGGRESSIVE;
				GCC_WARN_UNUSED_FUNCTION = YES;
				GCC_WARN_UNUSED_VARIABLE = YES;
				IPHONEOS_DEPLOYMENT_TARGET = 8.0;
				MTL_ENABLE_DEBUG_INFO = INCLUDE_SOURCE;
				MTL_FAST_MATH = YES;
				ONLY_ACTIVE_ARCH = YES;
				SDKROOT = iphoneos;
			};
			name = Debug;
		};
		91DD7993216DE6EA00E6A0F4 /* Release */ = {
			isa = XCBuildConfiguration;
			buildSettings = {
				ALWAYS_SEARCH_USER_PATHS = NO;
				CLANG_ANALYZER_NONNULL = YES;
				CLANG_ANALYZER_NUMBER_OBJECT_CONVERSION = YES_AGGRESSIVE;
				CLANG_CXX_LANGUAGE_STANDARD = "gnu++14";
				CLANG_CXX_LIBRARY = "libc++";
				CLANG_ENABLE_MODULES = YES;
				CLANG_ENABLE_OBJC_ARC = YES;
				CLANG_ENABLE_OBJC_WEAK = YES;
				CLANG_WARN_BLOCK_CAPTURE_AUTORELEASING = YES;
				CLANG_WARN_BOOL_CONVERSION = YES;
				CLANG_WARN_COMMA = YES;
				CLANG_WARN_CONSTANT_CONVERSION = YES;
				CLANG_WARN_DEPRECATED_OBJC_IMPLEMENTATIONS = YES;
				CLANG_WARN_DIRECT_OBJC_ISA_USAGE = YES_ERROR;
				CLANG_WARN_DOCUMENTATION_COMMENTS = YES;
				CLANG_WARN_EMPTY_BODY = YES;
				CLANG_WARN_ENUM_CONVERSION = YES;
				CLANG_WARN_INFINITE_RECURSION = YES;
				CLANG_WARN_INT_CONVERSION = YES;
				CLANG_WARN_NON_LITERAL_NULL_CONVERSION = YES;
				CLANG_WARN_OBJC_IMPLICIT_RETAIN_SELF = YES;
				CLANG_WARN_OBJC_LITERAL_CONVERSION = YES;
				CLANG_WARN_OBJC_ROOT_CLASS = YES_ERROR;
				CLANG_WARN_RANGE_LOOP_ANALYSIS = YES;
				CLANG_WARN_STRICT_PROTOTYPES = YES;
				CLANG_WARN_SUSPICIOUS_MOVE = YES;
				CLANG_WARN_UNGUARDED_AVAILABILITY = YES_AGGRESSIVE;
				CLANG_WARN_UNREACHABLE_CODE = YES;
				CLANG_WARN__DUPLICATE_METHOD_MATCH = YES;
				CODE_SIGN_IDENTITY = "iPhone Developer";
				COPY_PHASE_STRIP = NO;
				DEBUG_INFORMATION_FORMAT = "dwarf-with-dsym";
				ENABLE_NS_ASSERTIONS = NO;
				ENABLE_STRICT_OBJC_MSGSEND = YES;
				GCC_C_LANGUAGE_STANDARD = gnu11;
				GCC_NO_COMMON_BLOCKS = YES;
				GCC_WARN_64_TO_32_BIT_CONVERSION = YES;
				GCC_WARN_ABOUT_RETURN_TYPE = YES_ERROR;
				GCC_WARN_UNDECLARED_SELECTOR = YES;
				GCC_WARN_UNINITIALIZED_AUTOS = YES_AGGRESSIVE;
				GCC_WARN_UNUSED_FUNCTION = YES;
				GCC_WARN_UNUSED_VARIABLE = YES;
				IPHONEOS_DEPLOYMENT_TARGET = 8.0;
				MTL_ENABLE_DEBUG_INFO = NO;
				MTL_FAST_MATH = YES;
				SDKROOT = iphoneos;
				VALIDATE_PRODUCT = YES;
			};
			name = Release;
		};
		91DD7995216DE6EA00E6A0F4 /* Debug */ = {
			isa = XCBuildConfiguration;
			buildSettings = {
				ASSETCATALOG_COMPILER_APPICON_NAME = AppIcon;
				CODE_SIGN_STYLE = Automatic;
				DEVELOPMENT_TEAM = M7Q8527T3L;
				GCC_NO_COMMON_BLOCKS = NO;
				GCC_PREFIX_HEADER = "BHMTestApp/Project-PrefixHeader.pch";
				INFOPLIST_FILE = BHMTestApp/Info.plist;
				IPHONEOS_DEPLOYMENT_TARGET = 8.0;
				LD_RUNPATH_SEARCH_PATHS = (
					"$(inherited)",
					"@executable_path/Frameworks",
				);
				PRODUCT_BUNDLE_IDENTIFIER = Ross.BHMTestApp;
				PRODUCT_NAME = "$(TARGET_NAME)";
				TARGETED_DEVICE_FAMILY = "1,2";
			};
			name = Debug;
		};
		91DD7996216DE6EA00E6A0F4 /* Release */ = {
			isa = XCBuildConfiguration;
			buildSettings = {
				ASSETCATALOG_COMPILER_APPICON_NAME = AppIcon;
				CODE_SIGN_STYLE = Automatic;
				DEVELOPMENT_TEAM = M7Q8527T3L;
				GCC_NO_COMMON_BLOCKS = NO;
				GCC_PREFIX_HEADER = "BHMTestApp/Project-PrefixHeader.pch";
				INFOPLIST_FILE = BHMTestApp/Info.plist;
				IPHONEOS_DEPLOYMENT_TARGET = 8.0;
				LD_RUNPATH_SEARCH_PATHS = (
					"$(inherited)",
					"@executable_path/Frameworks",
				);
				PRODUCT_BUNDLE_IDENTIFIER = Ross.BHMTestApp;
				PRODUCT_NAME = "$(TARGET_NAME)";
				TARGETED_DEVICE_FAMILY = "1,2";
			};
			name = Release;
		};
/* End XCBuildConfiguration section */

/* Begin XCConfigurationList section */
		91DD7976216DE6E900E6A0F4 /* Build configuration list for PBXProject "BHMTestApp" */ = {
			isa = XCConfigurationList;
			buildConfigurations = (
				91DD7992216DE6EA00E6A0F4 /* Debug */,
				91DD7993216DE6EA00E6A0F4 /* Release */,
			);
			defaultConfigurationIsVisible = 0;
			defaultConfigurationName = Release;
		};
		91DD7994216DE6EA00E6A0F4 /* Build configuration list for PBXNativeTarget "BHMTestApp" */ = {
			isa = XCConfigurationList;
			buildConfigurations = (
				91DD7995216DE6EA00E6A0F4 /* Debug */,
				91DD7996216DE6EA00E6A0F4 /* Release */,
			);
			defaultConfigurationIsVisible = 0;
			defaultConfigurationName = Release;
		};
/* End XCConfigurationList section */

/* Begin XCVersionGroup section */
		91DD7987216DE6E900E6A0F4 /* BHMTestApp.xcdatamodeld */ = {
			isa = XCVersionGroup;
			children = (
				91DD7988216DE6E900E6A0F4 /* BHMTestApp.xcdatamodel */,
			);
			currentVersion = 91DD7988216DE6E900E6A0F4 /* BHMTestApp.xcdatamodel */;
			path = BHMTestApp.xcdatamodeld;
			sourceTree = "<group>";
			versionGroupType = wrapper.xcdatamodel;
		};
/* End XCVersionGroup section */
	};
	rootObject = 91DD7973216DE6E900E6A0F4 /* Project object */;
}
